
Microsoft Visual Studio Solution File, Format Version 12.00
# Visual Studio Version 16
VisualStudioVersion = 16.0.29025.244
MinimumVisualStudioVersion = 10.0.40219.1
Project("{FAE04EC0-301F-11D3-BF4B-00C04F79EFBC}") = "MarsRover", "Mars_Rover\MarsRover.csproj", "{BFD75AC2-BC88-4FD4-95C2-64877A910AE6}"
EndProject
Project("{FAE04EC0-301F-11D3-BF4B-00C04F79EFBC}") = "MarsRoversTests", "MarsRoversTests\MarsRoversTests.csproj", "{D31A924B-9CA7-44B7-BD9F-4ED23E8F9647}"
EndProject
Global
	GlobalSection(SolutionConfigurationPlatforms) = preSolution
		Debug|Any CPU = Debug|Any CPU
		Release|Any CPU = Release|Any CPU
	EndGlobalSection
	GlobalSection(ProjectConfigurationPlatforms) = postSolution
		{BFD75AC2-BC88-4FD4-95C2-64877A910AE6}.Debug|Any CPU.ActiveCfg = Debug|Any CPU
		{BFD75AC2-BC88-4FD4-95C2-64877A910AE6}.Debug|Any CPU.Build.0 = Debug|Any CPU
		{BFD75AC2-BC88-4FD4-95C2-64877A910AE6}.Release|Any CPU.ActiveCfg = Release|Any CPU
		{BFD75AC2-BC88-4FD4-95C2-64877A910AE6}.Release|Any CPU.Build.0 = Release|Any CPU
		{D31A924B-9CA7-44B7-BD9F-4ED23E8F9647}.Debug|Any CPU.ActiveCfg = Debug|Any CPU
		{D31A924B-9CA7-44B7-BD9F-4ED23E8F9647}.Debug|Any CPU.Build.0 = Debug|Any CPU
		{D31A924B-9CA7-44B7-BD9F-4ED23E8F9647}.Release|Any CPU.ActiveCfg = Release|Any CPU
		{D31A924B-9CA7-44B7-BD9F-4ED23E8F9647}.Release|Any CPU.Build.0 = Release|Any CPU
	EndGlobalSection
	GlobalSection(SolutionProperties) = preSolution
		HideSolutionNode = FALSE
	EndGlobalSection
	GlobalSection(ExtensibilityGlobals) = postSolution
		SolutionGuid = {1A649E43-6DA1-48F2-983A-720BB5F9715A}
	EndGlobalSection
EndGlobal
